{
	"name": "@zxteam/contract.sql",
	"version": "0.0.0",
	"lockfileVersion": 1,
	"requires": true,
	"dependencies": {
		"@zxteam/contract": {
			"version": "2.0.0",
			"resolved": "https://registry.npmjs.org/@zxteam/contract/-/contract-2.0.0.tgz",
			"integrity": "sha512-isyi15Y1uQ6aRb8vvuG9K52BJwh1TzWDSK/WAwkRQ6L6uqU0/CvwOZVB2677jc9FmRgl2hG+OM4mx9nQaJ57Iw=="
		}
	}
}
