{
	"name": "@zxteam/contract.sql",
	"version": "3.2.1",
	"lockfileVersion": 1,
	"requires": true,
	"dependencies": {
		"@zxteam/contract": {
			"version": "3.2.1",
			"resolved": "https://registry.npmjs.org/@zxteam/contract/-/contract-3.2.1.tgz",
			"integrity": "sha512-nV+3fAJC7GG5r3/K0W7jhDq6TZUhKKkIqAoFS83cmDLYh5we5WNOTC0IohKgGXrKKdWQ0q4oXnt1fpS3fuaOCA=="
		}
	}
}
