{
	"name": "@zxteam/contract-sql",
	"version": "6.0.21",
	"lockfileVersion": 1,
	"requires": true,
	"dependencies": {
		"@zxteam/contract": {
			"version": "6.0.21",
			"resolved": "https://registry.npmjs.org/@zxteam/contract/-/contract-6.0.21.tgz",
			"integrity": "sha512-VZPPovgUBiBBbcUp1OCxX1MfvXV5KLL6T0ghyHXieI0vHJGjdCVXFgmEXLs4M2rvBCm8LusS7gL0CmkQy/qNFQ=="
		}
	}
}
